// !$*UTF8*$!
{
	archiveVersion = 1;
	classes = {
	};
	objectVersion = 56;
	objects = {

/* Begin PBXBuildFile section */
		1934A73E2BD63FCB00442E4C /* CopyOfWordleApp.swift in Sources */ = {isa = PBXBuildFile; fileRef = 1934A73D2BD63FCB00442E4C /* CopyOfWordleApp.swift */; };
		1934A7402BD63FCB00442E4C /* GameView.swift in Sources */ = {isa = PBXBuildFile; fileRef = 1934A73F2BD63FCB00442E4C /* GameView.swift */; };
		1934A7422BD63FCC00442E4C /* Assets.xcassets in Resources */ = {isa = PBXBuildFile; fileRef = 1934A7412BD63FCC00442E4C /* Assets.xcassets */; };
		1934A7452BD63FCC00442E4C /* Preview Assets.xcassets in Resources */ = {isa = PBXBuildFile; fileRef = 1934A7442BD63FCC00442E4C /* Preview Assets.xcassets */; };
		1934A74C2BD6416000442E4C /* Launch Screen.storyboard in Resources */ = {isa = PBXBuildFile; fileRef = 1934A74B2BD6416000442E4C /* Launch Screen.storyboard */; };
		1934A7522BD6495D00442E4C /* Guess.swift in Sources */ = {isa = PBXBuildFile; fileRef = 1934A7512BD6495D00442E4C /* Guess.swift */; };
		1934A7552BD64B8800442E4C /* GuessView.swift in Sources */ = {isa = PBXBuildFile; fileRef = 1934A7542BD64B8800442E4C /* GuessView.swift */; };
		1934A7582BD6532400442E4C /* WordleDataModel.swift in Sources */ = {isa = PBXBuildFile; fileRef = 1934A7572BD6532400442E4C /* WordleDataModel.swift */; };
		1934A75A2BD6564E00442E4C /* Global.swift in Sources */ = {isa = PBXBuildFile; fileRef = 1934A7592BD6564E00442E4C /* Global.swift */; };
/* End PBXBuildFile section */

/* Begin PBXFileReference section */
		1934A73A2BD63FCB00442E4C /* CopyOfWordle.app */ = {isa = PBXFileReference; explicitFileType = wrapper.application; includeInIndex = 0; path = CopyOfWordle.app; sourceTree = BUILT_PRODUCTS_DIR; };
		1934A73D2BD63FCB00442E4C /* CopyOfWordleApp.swift */ = {isa = PBXFileReference; lastKnownFileType = sourcecode.swift; path = CopyOfWordleApp.swift; sourceTree = "<group>"; };
		1934A73F2BD63FCB00442E4C /* GameView.swift */ = {isa = PBXFileReference; lastKnownFileType = sourcecode.swift; path = GameView.swift; sourceTree = "<group>"; };
		1934A7412BD63FCC00442E4C /* Assets.xcassets */ = {isa = PBXFileReference; lastKnownFileType = folder.assetcatalog; path = Assets.xcassets; sourceTree = "<group>"; };
		1934A7442BD63FCC00442E4C /* Preview Assets.xcassets */ = {isa = PBXFileReference; lastKnownFileType = folder.assetcatalog; path = "Preview Assets.xcassets"; sourceTree = "<group>"; };
		1934A74B2BD6416000442E4C /* Launch Screen.storyboard */ = {isa = PBXFileReference; lastKnownFileType = file.storyboard; path = "Launch Screen.storyboard"; sourceTree = "<group>"; };
		1934A7512BD6495D00442E4C /* Guess.swift */ = {isa = PBXFileReference; lastKnownFileType = sourcecode.swift; path = Guess.swift; sourceTree = "<group>"; };
		1934A7542BD64B8800442E4C /* GuessView.swift */ = {isa = PBXFileReference; lastKnownFileType = sourcecode.swift; path = GuessView.swift; sourceTree = "<group>"; };
		1934A7572BD6532400442E4C /* WordleDataModel.swift */ = {isa = PBXFileReference; lastKnownFileType = sourcecode.swift; path = WordleDataModel.swift; sourceTree = "<group>"; };
		1934A7592BD6564E00442E4C /* Global.swift */ = {isa = PBXFileReference; lastKnownFileType = sourcecode.swift; path = Global.swift; sourceTree = "<group>"; };
/* End PBXFileReference section */

/* Begin PBXFrameworksBuildPhase section */
		1934A7372BD63FCB00442E4C /* Frameworks */ = {
			isa = PBXFrameworksBuildPhase;
			buildActionMask = 2147483647;
			files = (
			);
			runOnlyForDeploymentPostprocessing = 0;
		};
/* End PBXFrameworksBuildPhase section */

/* Begin PBXGroup section */
		1934A7312BD63FCB00442E4C = {
			isa = PBXGroup;
			children = (
				1934A73C2BD63FCB00442E4C /* CopyOfWordle */,
				1934A73B2BD63FCB00442E4C /* Products */,
			);
			sourceTree = "<group>";
		};
		1934A73B2BD63FCB00442E4C /* Products */ = {
			isa = PBXGroup;
			children = (
				1934A73A2BD63FCB00442E4C /* CopyOfWordle.app */,
			);
			name = Products;
			sourceTree = "<group>";
		};
		1934A73C2BD63FCB00442E4C /* CopyOfWordle */ = {
			isa = PBXGroup;
			children = (
				1934A73D2BD63FCB00442E4C /* CopyOfWordleApp.swift */,
				1934A7532BD64B6E00442E4C /* Views */,
				1934A7562BD6531000442E4C /* ViewModels */,
				1934A7502BD6495000442E4C /* Models */,
				1934A74D2BD6451C00442E4C /* Extensions */,
				1934A7412BD63FCC00442E4C /* Assets.xcassets */,
				1934A74B2BD6416000442E4C /* Launch Screen.storyboard */,
				1934A7432BD63FCC00442E4C /* Preview Content */,
			);
			path = CopyOfWordle;
			sourceTree = "<group>";
		};
		1934A7432BD63FCC00442E4C /* Preview Content */ = {
			isa = PBXGroup;
			children = (
				1934A7442BD63FCC00442E4C /* Preview Assets.xcassets */,
			);
			path = "Preview Content";
			sourceTree = "<group>";
		};
		1934A74D2BD6451C00442E4C /* Extensions */ = {
			isa = PBXGroup;
			children = (
			);
			path = Extensions;
			sourceTree = "<group>";
		};
		1934A7502BD6495000442E4C /* Models */ = {
			isa = PBXGroup;
			children = (
				1934A7512BD6495D00442E4C /* Guess.swift */,
				1934A7592BD6564E00442E4C /* Global.swift */,
			);
			path = Models;
			sourceTree = "<group>";
		};
		1934A7532BD64B6E00442E4C /* Views */ = {
			isa = PBXGroup;
			children = (
				1934A73F2BD63FCB00442E4C /* GameView.swift */,
				1934A7542BD64B8800442E4C /* GuessView.swift */,
			);
			path = Views;
			sourceTree = "<group>";
		};
		1934A7562BD6531000442E4C /* ViewModels */ = {
			isa = PBXGroup;
			children = (
				1934A7572BD6532400442E4C /* WordleDataModel.swift */,
			);
			path = ViewModels;
			sourceTree = "<group>";
		};
/* End PBXGroup section */

/* Begin PBXNativeTarget section */
		1934A7392BD63FCB00442E4C /* CopyOfWordle */ = {
			isa = PBXNativeTarget;
			buildConfigurationList = 1934A7482BD63FCC00442E4C /* Build configuration list for PBXNativeTarget "CopyOfWordle" */;
			buildPhases = (
				1934A7362BD63FCB00442E4C /* Sources */,
				1934A7372BD63FCB00442E4C /* Frameworks */,
				1934A7382BD63FCB00442E4C /* Resources */,
			);
			buildRules = (
			);
			dependencies = (
			);
			name = CopyOfWordle;
			productName = CopyOfWordle;
			productReference = 1934A73A2BD63FCB00442E4C /* CopyOfWordle.app */;
			productType = "com.apple.product-type.application";
		};
/* End PBXNativeTarget section */

/* Begin PBXProject section */
		1934A7322BD63FCB00442E4C /* Project object */ = {
			isa = PBXProject;
			attributes = {
				BuildIndependentTargetsInParallel = 1;
				LastSwiftUpdateCheck = 1500;
				LastUpgradeCheck = 1500;
				TargetAttributes = {
					1934A7392BD63FCB00442E4C = {
						CreatedOnToolsVersion = 15.0;
					};
				};
			};
			buildConfigurationList = 1934A7352BD63FCB00442E4C /* Build configuration list for PBXProject "CopyOfWordle" */;
			compatibilityVersion = "Xcode 14.0";
			developmentRegion = en;
			hasScannedForEncodings = 0;
			knownRegions = (
				en,
				Base,
			);
			mainGroup = 1934A7312BD63FCB00442E4C;
			productRefGroup = 1934A73B2BD63FCB00442E4C /* Products */;
			projectDirPath = "";
			projectRoot = "";
			targets = (
				1934A7392BD63FCB00442E4C /* CopyOfWordle */,
			);
		};
/* End PBXProject section */

/* Begin PBXResourcesBuildPhase section */
		1934A7382BD63FCB00442E4C /* Resources */ = {
			isa = PBXResourcesBuildPhase;
			buildActionMask = 2147483647;
			files = (
				1934A74C2BD6416000442E4C /* Launch Screen.storyboard in Resources */,
				1934A7452BD63FCC00442E4C /* Preview Assets.xcassets in Resources */,
				1934A7422BD63FCC00442E4C /* Assets.xcassets in Resources */,
			);
			runOnlyForDeploymentPostprocessing = 0;
		};
/* End PBXResourcesBuildPhase section */

/* Begin PBXSourcesBuildPhase section */
		1934A7362BD63FCB00442E4C /* Sources */ = {
			isa = PBXSourcesBuildPhase;
			buildActionMask = 2147483647;
			files = (
				1934A7552BD64B8800442E4C /* GuessView.swift in Sources */,
				1934A7402BD63FCB00442E4C /* GameView.swift in Sources */,
				1934A75A2BD6564E00442E4C /* Global.swift in Sources */,
				1934A73E2BD63FCB00442E4C /* CopyOfWordleApp.swift in Sources */,
				1934A7522BD6495D00442E4C /* Guess.swift in Sources */,
				1934A7582BD6532400442E4C /* WordleDataModel.swift in Sources */,
			);
			runOnlyForDeploymentPostprocessing = 0;
		};
/* End PBXSourcesBuildPhase section */

/* Begin XCBuildConfiguration section */
		1934A7462BD63FCC00442E4C /* Debug */ = {
			isa = XCBuildConfiguration;
			buildSettings = {
				ALWAYS_SEARCH_USER_PATHS = NO;
				ASSETCATALOG_COMPILER_GENERATE_SWIFT_ASSET_SYMBOL_EXTENSIONS = YES;
				CLANG_ANALYZER_NONNULL = YES;
				CLANG_ANALYZER_NUMBER_OBJECT_CONVERSION = YES_AGGRESSIVE;
				CLANG_CXX_LANGUAGE_STANDARD = "gnu++20";
				CLANG_ENABLE_MODULES = YES;
				CLANG_ENABLE_OBJC_ARC = YES;
				CLANG_ENABLE_OBJC_WEAK = YES;
				CLANG_WARN_BLOCK_CAPTURE_AUTORELEASING = YES;
				CLANG_WARN_BOOL_CONVERSION = YES;
				CLANG_WARN_COMMA = YES;
				CLANG_WARN_CONSTANT_CONVERSION = YES;
				CLANG_WARN_DEPRECATED_OBJC_IMPLEMENTATIONS = YES;
				CLANG_WARN_DIRECT_OBJC_ISA_USAGE = YES_ERROR;
				CLANG_WARN_DOCUMENTATION_COMMENTS = YES;
				CLANG_WARN_EMPTY_BODY = YES;
				CLANG_WARN_ENUM_CONVERSION = YES;
				CLANG_WARN_INFINITE_RECURSION = YES;
				CLANG_WARN_INT_CONVERSION = YES;
				CLANG_WARN_NON_LITERAL_NULL_CONVERSION = YES;
				CLANG_WARN_OBJC_IMPLICIT_RETAIN_SELF = YES;
				CLANG_WARN_OBJC_LITERAL_CONVERSION = YES;
				CLANG_WARN_OBJC_ROOT_CLASS = YES_ERROR;
				CLANG_WARN_QUOTED_INCLUDE_IN_FRAMEWORK_HEADER = YES;
				CLANG_WARN_RANGE_LOOP_ANALYSIS = YES;
				CLANG_WARN_STRICT_PROTOTYPES = YES;
				CLANG_WARN_SUSPICIOUS_MOVE = YES;
				CLANG_WARN_UNGUARDED_AVAILABILITY = YES_AGGRESSIVE;
				CLANG_WARN_UNREACHABLE_CODE = YES;
				CLANG_WARN__DUPLICATE_METHOD_MATCH = YES;
				COPY_PHASE_STRIP = NO;
				DEBUG_INFORMATION_FORMAT = dwarf;
				ENABLE_STRICT_OBJC_MSGSEND = YES;
				ENABLE_TESTABILITY = YES;
				ENABLE_USER_SCRIPT_SANDBOXING = YES;
				GCC_C_LANGUAGE_STANDARD = gnu17;
				GCC_DYNAMIC_NO_PIC = NO;
				GCC_NO_COMMON_BLOCKS = YES;
				GCC_OPTIMIZATION_LEVEL = 0;
				GCC_PREPROCESSOR_DEFINITIONS = (
					"DEBUG=1",
					"$(inherited)",
				);
				GCC_WARN_64_TO_32_BIT_CONVERSION = YES;
				GCC_WARN_ABOUT_RETURN_TYPE = YES_ERROR;
				GCC_WARN_UNDECLARED_SELECTOR = YES;
				GCC_WARN_UNINITIALIZED_AUTOS = YES_AGGRESSIVE;
				GCC_WARN_UNUSED_FUNCTION = YES;
				GCC_WARN_UNUSED_VARIABLE = YES;
				IPHONEOS_DEPLOYMENT_TARGET = 17.0;
				LOCALIZATION_PREFERS_STRING_CATALOGS = YES;
				MTL_ENABLE_DEBUG_INFO = INCLUDE_SOURCE;
				MTL_FAST_MATH = YES;
				ONLY_ACTIVE_ARCH = YES;
				SDKROOT = iphoneos;
				SWIFT_ACTIVE_COMPILATION_CONDITIONS = "DEBUG $(inherited)";
				SWIFT_OPTIMIZATION_LEVEL = "-Onone";
			};
			name = Debug;
		};
		1934A7472BD63FCC00442E4C /* Release */ = {
			isa = XCBuildConfiguration;
			buildSettings = {
				ALWAYS_SEARCH_USER_PATHS = NO;
				ASSETCATALOG_COMPILER_GENERATE_SWIFT_ASSET_SYMBOL_EXTENSIONS = YES;
				CLANG_ANALYZER_NONNULL = YES;
				CLANG_ANALYZER_NUMBER_OBJECT_CONVERSION = YES_AGGRESSIVE;
				CLANG_CXX_LANGUAGE_STANDARD = "gnu++20";
				CLANG_ENABLE_MODULES = YES;
				CLANG_ENABLE_OBJC_ARC = YES;
				CLANG_ENABLE_OBJC_WEAK = YES;
				CLANG_WARN_BLOCK_CAPTURE_AUTORELEASING = YES;
				CLANG_WARN_BOOL_CONVERSION = YES;
				CLANG_WARN_COMMA = YES;
				CLANG_WARN_CONSTANT_CONVERSION = YES;
				CLANG_WARN_DEPRECATED_OBJC_IMPLEMENTATIONS = YES;
				CLANG_WARN_DIRECT_OBJC_ISA_USAGE = YES_ERROR;
				CLANG_WARN_DOCUMENTATION_COMMENTS = YES;
				CLANG_WARN_EMPTY_BODY = YES;
				CLANG_WARN_ENUM_CONVERSION = YES;
				CLANG_WARN_INFINITE_RECURSION = YES;
				CLANG_WARN_INT_CONVERSION = YES;
				CLANG_WARN_NON_LITERAL_NULL_CONVERSION = YES;
				CLANG_WARN_OBJC_IMPLICIT_RETAIN_SELF = YES;
				CLANG_WARN_OBJC_LITERAL_CONVERSION = YES;
				CLANG_WARN_OBJC_ROOT_CLASS = YES_ERROR;
				CLANG_WARN_QUOTED_INCLUDE_IN_FRAMEWORK_HEADER = YES;
				CLANG_WARN_RANGE_LOOP_ANALYSIS = YES;
				CLANG_WARN_STRICT_PROTOTYPES = YES;
				CLANG_WARN_SUSPICIOUS_MOVE = YES;
				CLANG_WARN_UNGUARDED_AVAILABILITY = YES_AGGRESSIVE;
				CLANG_WARN_UNREACHABLE_CODE = YES;
				CLANG_WARN__DUPLICATE_METHOD_MATCH = YES;
				COPY_PHASE_STRIP = NO;
				DEBUG_INFORMATION_FORMAT = "dwarf-with-dsym";
				ENABLE_NS_ASSERTIONS = NO;
				ENABLE_STRICT_OBJC_MSGSEND = YES;
				ENABLE_USER_SCRIPT_SANDBOXING = YES;
				GCC_C_LANGUAGE_STANDARD = gnu17;
				GCC_NO_COMMON_BLOCKS = YES;
				GCC_WARN_64_TO_32_BIT_CONVERSION = YES;
				GCC_WARN_ABOUT_RETURN_TYPE = YES_ERROR;
				GCC_WARN_UNDECLARED_SELECTOR = YES;
				GCC_WARN_UNINITIALIZED_AUTOS = YES_AGGRESSIVE;
				GCC_WARN_UNUSED_FUNCTION = YES;
				GCC_WARN_UNUSED_VARIABLE = YES;
				IPHONEOS_DEPLOYMENT_TARGET = 17.0;
				LOCALIZATION_PREFERS_STRING_CATALOGS = YES;
				MTL_ENABLE_DEBUG_INFO = NO;
				MTL_FAST_MATH = YES;
				SDKROOT = iphoneos;
				SWIFT_COMPILATION_MODE = wholemodule;
				VALIDATE_PRODUCT = YES;
			};
			name = Release;
		};
		1934A7492BD63FCC00442E4C /* Debug */ = {
			isa = XCBuildConfiguration;
			buildSettings = {
				ASSETCATALOG_COMPILER_APPICON_NAME = AppIcon;
				ASSETCATALOG_COMPILER_GLOBAL_ACCENT_COLOR_NAME = AccentColor;
				CODE_SIGN_STYLE = Automatic;
				CURRENT_PROJECT_VERSION = 1;
				DEVELOPMENT_ASSET_PATHS = "\"CopyOfWordle/Preview Content\"";
				DEVELOPMENT_TEAM = T9JHM99P78;
				ENABLE_PREVIEWS = YES;
				GENERATE_INFOPLIST_FILE = YES;
				INFOPLIST_KEY_UIApplicationSceneManifest_Generation = YES;
				INFOPLIST_KEY_UIApplicationSupportsIndirectInputEvents = YES;
				INFOPLIST_KEY_UILaunchScreen_Generation = YES;
				INFOPLIST_KEY_UILaunchStoryboardName = "Launch Screen.storyboard";
				INFOPLIST_KEY_UIRequiresFullScreen = YES;
				INFOPLIST_KEY_UISupportedInterfaceOrientations = UIInterfaceOrientationPortrait;
				INFOPLIST_KEY_UISupportedInterfaceOrientations_iPad = "UIInterfaceOrientationLandscapeLeft UIInterfaceOrientationLandscapeRight UIInterfaceOrientationPortrait UIInterfaceOrientationPortraitUpsideDown";
				LD_RUNPATH_SEARCH_PATHS = (
					"$(inherited)",
					"@executable_path/Frameworks",
				);
				MARKETING_VERSION = 1.0;
				PRODUCT_BUNDLE_IDENTIFIER = jiajiatao.com.CopyOfWordle;
				PRODUCT_NAME = "$(TARGET_NAME)";
				SUPPORTED_PLATFORMS = "iphoneos iphonesimulator";
				SUPPORTS_MACCATALYST = NO;
				SUPPORTS_MAC_DESIGNED_FOR_IPHONE_IPAD = NO;
				SWIFT_EMIT_LOC_STRINGS = YES;
				SWIFT_VERSION = 5.0;
				TARGETED_DEVICE_FAMILY = "1,2";
			};
			name = Debug;
		};
		1934A74A2BD63FCC00442E4C /* Release */ = {
			isa = XCBuildConfiguration;
			buildSettings = {
				ASSETCATALOG_COMPILER_APPICON_NAME = AppIcon;
				ASSETCATALOG_COMPILER_GLOBAL_ACCENT_COLOR_NAME = AccentColor;
				CODE_SIGN_STYLE = Automatic;
				CURRENT_PROJECT_VERSION = 1;
				DEVELOPMENT_ASSET_PATHS = "\"CopyOfWordle/Preview Content\"";
				DEVELOPMENT_TEAM = T9JHM99P78;
				ENABLE_PREVIEWS = YES;
				GENERATE_INFOPLIST_FILE = YES;
				INFOPLIST_KEY_UIApplicationSceneManifest_Generation = YES;
				INFOPLIST_KEY_UIApplicationSupportsIndirectInputEvents = YES;
				INFOPLIST_KEY_UILaunchScreen_Generation = YES;
				INFOPLIST_KEY_UILaunchStoryboardName = "Launch Screen.storyboard";
				INFOPLIST_KEY_UIRequiresFullScreen = YES;
				INFOPLIST_KEY_UISupportedInterfaceOrientations = UIInterfaceOrientationPortrait;
				INFOPLIST_KEY_UISupportedInterfaceOrientations_iPad = "UIInterfaceOrientationLandscapeLeft UIInterfaceOrientationLandscapeRight UIInterfaceOrientationPortrait UIInterfaceOrientationPortraitUpsideDown";
				LD_RUNPATH_SEARCH_PATHS = (
					"$(inherited)",
					"@executable_path/Frameworks",
				);
				MARKETING_VERSION = 1.0;
				PRODUCT_BUNDLE_IDENTIFIER = jiajiatao.com.CopyOfWordle;
				PRODUCT_NAME = "$(TARGET_NAME)";
				SUPPORTED_PLATFORMS = "iphoneos iphonesimulator";
				SUPPORTS_MACCATALYST = NO;
				SUPPORTS_MAC_DESIGNED_FOR_IPHONE_IPAD = NO;
				SWIFT_EMIT_LOC_STRINGS = YES;
				SWIFT_VERSION = 5.0;
				TARGETED_DEVICE_FAMILY = "1,2";
			};
			name = Release;
		};
/* End XCBuildConfiguration section */

/* Begin XCConfigurationList section */
		1934A7352BD63FCB00442E4C /* Build configuration list for PBXProject "CopyOfWordle" */ = {
			isa = XCConfigurationList;
			buildConfigurations = (
				1934A7462BD63FCC00442E4C /* Debug */,
				1934A7472BD63FCC00442E4C /* Release */,
			);
			defaultConfigurationIsVisible = 0;
			defaultConfigurationName = Release;
		};
		1934A7482BD63FCC00442E4C /* Build configuration list for PBXNativeTarget "CopyOfWordle" */ = {
			isa = XCConfigurationList;
			buildConfigurations = (
				1934A7492BD63FCC00442E4C /* Debug */,
				1934A74A2BD63FCC00442E4C /* Release */,
			);
			defaultConfigurationIsVisible = 0;
			defaultConfigurationName = Release;
		};
/* End XCConfigurationList section */
	};
	rootObject = 1934A7322BD63FCB00442E4C /* Project object */;
}
